
Microsoft Visual Studio Solution File, Format Version 12.00
# Visual Studio Version 16
VisualStudioVersion = 16.0.30717.126
MinimumVisualStudioVersion = 10.0.40219.1
Project("{FAE04EC0-301F-11D3-BF4B-00C04F79EFBC}") = "Workaround", "MaskeTakip\Workaround.csproj", "{69894B68-C867-429E-AB27-FAB371960009}"
EndProject
Project("{FAE04EC0-301F-11D3-BF4B-00C04F79EFBC}") = "Business", "Business\Business.csproj", "{BE3FFC7C-714E-411A-8E3E-4C493089F8E6}"
EndProject
Project("{FAE04EC0-301F-11D3-BF4B-00C04F79EFBC}") = "Entities", "Entities\Entities.csproj", "{815039D3-366F-412A-AA0F-A4F957DB9D80}"
EndProject
Global
	GlobalSection(SolutionConfigurationPlatforms) = preSolution
		Debug|Any CPU = Debug|Any CPU
		Release|Any CPU = Release|Any CPU
	EndGlobalSection
	GlobalSection(ProjectConfigurationPlatforms) = postSolution
		{69894B68-C867-429E-AB27-FAB371960009}.Debug|Any CPU.ActiveCfg = Debug|Any CPU
		{69894B68-C867-429E-AB27-FAB371960009}.Debug|Any CPU.Build.0 = Debug|Any CPU
		{69894B68-C867-429E-AB27-FAB371960009}.Release|Any CPU.ActiveCfg = Release|Any CPU
		{69894B68-C867-429E-AB27-FAB371960009}.Release|Any CPU.Build.0 = Release|Any CPU
		{BE3FFC7C-714E-411A-8E3E-4C493089F8E6}.Debug|Any CPU.ActiveCfg = Debug|Any CPU
		{BE3FFC7C-714E-411A-8E3E-4C493089F8E6}.Debug|Any CPU.Build.0 = Debug|Any CPU
		{BE3FFC7C-714E-411A-8E3E-4C493089F8E6}.Release|Any CPU.ActiveCfg = Release|Any CPU
		{BE3FFC7C-714E-411A-8E3E-4C493089F8E6}.Release|Any CPU.Build.0 = Release|Any CPU
		{815039D3-366F-412A-AA0F-A4F957DB9D80}.Debug|Any CPU.ActiveCfg = Debug|Any CPU
		{815039D3-366F-412A-AA0F-A4F957DB9D80}.Debug|Any CPU.Build.0 = Debug|Any CPU
		{815039D3-366F-412A-AA0F-A4F957DB9D80}.Release|Any CPU.ActiveCfg = Release|Any CPU
		{815039D3-366F-412A-AA0F-A4F957DB9D80}.Release|Any CPU.Build.0 = Release|Any CPU
	EndGlobalSection
	GlobalSection(SolutionProperties) = preSolution
		HideSolutionNode = FALSE
	EndGlobalSection
	GlobalSection(ExtensibilityGlobals) = postSolution
		SolutionGuid = {FCE9B1A5-7A42-4792-944F-CC49CC9BEE5E}
	EndGlobalSection
EndGlobal
